{
  "pins" : [
    {
      "identity" : "q20kshare",
      "kind" : "remoteSourceControl",
      "location" : "https://github.com/billdonner/q20kshare",
      "state" : {
        "revision" : "9bf289c857f6370d875f81b2eeb5a2671da9fbb0",
        "version" : "0.5.10"
      }
    },
    {
      "identity" : "swift-argument-parser",
      "kind" : "remoteSourceControl",
      "location" : "https://github.com/apple/swift-argument-parser.git",
      "state" : {
        "revision" : "8f4d2753f0e4778c76d5f05ad16c74f707390531",
        "version" : "1.2.3"
      }
    }
  ],
  "version" : 2
}
